
Microsoft Visual Studio Solution File, Format Version 12.00
# Visual Studio Version 17
VisualStudioVersion = 17.9.34728.123
MinimumVisualStudioVersion = 10.0.40219.1
Project("{FAE04EC0-301F-11D3-BF4B-00C04F79EFBC}") = "CvModManager.Lib", "CvModManager.Lib\CvModManager.Lib.csproj", "{ED42108B-BB5D-47E6-8F03-B13B9F386E7C}"
EndProject
Project("{FAE04EC0-301F-11D3-BF4B-00C04F79EFBC}") = "CvModManager.Console", "CvModManager.Console\CvModManager.Console.csproj", "{B5FA28A9-956E-4410-8D94-5D8DA0114240}"
EndProject
Global
	GlobalSection(SolutionConfigurationPlatforms) = preSolution
		Debug|Any CPU = Debug|Any CPU
		Release|Any CPU = Release|Any CPU
	EndGlobalSection
	GlobalSection(ProjectConfigurationPlatforms) = postSolution
		{ED42108B-BB5D-47E6-8F03-B13B9F386E7C}.Debug|Any CPU.ActiveCfg = Debug|Any CPU
		{ED42108B-BB5D-47E6-8F03-B13B9F386E7C}.Debug|Any CPU.Build.0 = Debug|Any CPU
		{ED42108B-BB5D-47E6-8F03-B13B9F386E7C}.Release|Any CPU.ActiveCfg = Release|Any CPU
		{ED42108B-BB5D-47E6-8F03-B13B9F386E7C}.Release|Any CPU.Build.0 = Release|Any CPU
		{B5FA28A9-956E-4410-8D94-5D8DA0114240}.Debug|Any CPU.ActiveCfg = Debug|Any CPU
		{B5FA28A9-956E-4410-8D94-5D8DA0114240}.Debug|Any CPU.Build.0 = Debug|Any CPU
		{B5FA28A9-956E-4410-8D94-5D8DA0114240}.Release|Any CPU.ActiveCfg = Release|Any CPU
		{B5FA28A9-956E-4410-8D94-5D8DA0114240}.Release|Any CPU.Build.0 = Release|Any CPU
	EndGlobalSection
	GlobalSection(SolutionProperties) = preSolution
		HideSolutionNode = FALSE
	EndGlobalSection
	GlobalSection(ExtensibilityGlobals) = postSolution
		SolutionGuid = {DB038F7E-AFF7-403D-A3DF-E891D3BDAAAD}
	EndGlobalSection
EndGlobal
